// !$*UTF8*$!
{
	archiveVersion = 1;
	classes = {
	};
	objectVersion = 46;
	objects = {

/* Begin PBXBuildFile section */
		D92AE0381E557A7A00F1E78E /* AppDelegate.swift in Sources */ = {isa = PBXBuildFile; fileRef = D92AE0371E557A7A00F1E78E /* AppDelegate.swift */; };
		D92AE03A1E557A7A00F1E78E /* ViewController.swift in Sources */ = {isa = PBXBuildFile; fileRef = D92AE0391E557A7A00F1E78E /* ViewController.swift */; };
		D92AE03D1E557A7A00F1E78E /* Main.storyboard in Resources */ = {isa = PBXBuildFile; fileRef = D92AE03B1E557A7A00F1E78E /* Main.storyboard */; };
		D92AE03F1E557A7A00F1E78E /* Assets.xcassets in Resources */ = {isa = PBXBuildFile; fileRef = D92AE03E1E557A7A00F1E78E /* Assets.xcassets */; };
		D92AE0421E557A7A00F1E78E /* LaunchScreen.storyboard in Resources */ = {isa = PBXBuildFile; fileRef = D92AE0401E557A7A00F1E78E /* LaunchScreen.storyboard */; };
/* End PBXBuildFile section */

/* Begin PBXFileReference section */
		D92AE0341E557A7900F1E78E /* MyTime.app */ = {isa = PBXFileReference; explicitFileType = wrapper.application; includeInIndex = 0; path = MyTime.app; sourceTree = BUILT_PRODUCTS_DIR; };
		D92AE0371E557A7A00F1E78E /* AppDelegate.swift */ = {isa = PBXFileReference; lastKnownFileType = sourcecode.swift; path = AppDelegate.swift; sourceTree = "<group>"; };
		D92AE0391E557A7A00F1E78E /* ViewController.swift */ = {isa = PBXFileReference; lastKnownFileType = sourcecode.swift; path = ViewController.swift; sourceTree = "<group>"; };
		D92AE03C1E557A7A00F1E78E /* Base */ = {isa = PBXFileReference; lastKnownFileType = file.storyboard; name = Base; path = Base.lproj/Main.storyboard; sourceTree = "<group>"; };
		D92AE03E1E557A7A00F1E78E /* Assets.xcassets */ = {isa = PBXFileReference; lastKnownFileType = folder.assetcatalog; path = Assets.xcassets; sourceTree = "<group>"; };
		D92AE0411E557A7A00F1E78E /* Base */ = {isa = PBXFileReference; lastKnownFileType = file.storyboard; name = Base; path = Base.lproj/LaunchScreen.storyboard; sourceTree = "<group>"; };
		D92AE0431E557A7A00F1E78E /* Info.plist */ = {isa = PBXFileReference; lastKnownFileType = text.plist.xml; path = Info.plist; sourceTree = "<group>"; };
/* End PBXFileReference section */

/* Begin PBXFrameworksBuildPhase section */
		D92AE0311E557A7800F1E78E /* Frameworks */ = {
			isa = PBXFrameworksBuildPhase;
			buildActionMask = 2147483647;
			files = (
			);
			runOnlyForDeploymentPostprocessing = 0;
		};
/* End PBXFrameworksBuildPhase section */

/* Begin PBXGroup section */
		D92AE02B1E557A7800F1E78E = {
			isa = PBXGroup;
			children = (
				D92AE0361E557A7900F1E78E /* MyTime */,
				D92AE0351E557A7900F1E78E /* Products */,
			);
			sourceTree = "<group>";
		};
		D92AE0351E557A7900F1E78E /* Products */ = {
			isa = PBXGroup;
			children = (
				D92AE0341E557A7900F1E78E /* MyTime.app */,
			);
			name = Products;
			sourceTree = "<group>";
		};
		D92AE0361E557A7900F1E78E /* MyTime */ = {
			isa = PBXGroup;
			children = (
				D92AE0371E557A7A00F1E78E /* AppDelegate.swift */,
				D92AE0391E557A7A00F1E78E /* ViewController.swift */,
				D92AE03B1E557A7A00F1E78E /* Main.storyboard */,
				D92AE03E1E557A7A00F1E78E /* Assets.xcassets */,
				D92AE0401E557A7A00F1E78E /* LaunchScreen.storyboard */,
				D92AE0431E557A7A00F1E78E /* Info.plist */,
			);
			path = MyTime;
			sourceTree = "<group>";
		};
/* End PBXGroup section */

/* Begin PBXNativeTarget section */
		D92AE0331E557A7800F1E78E /* MyTime */ = {
			isa = PBXNativeTarget;
			buildConfigurationList = D92AE0461E557A7A00F1E78E /* Build configuration list for PBXNativeTarget "MyTime" */;
			buildPhases = (
				D92AE0301E557A7800F1E78E /* Sources */,
				D92AE0311E557A7800F1E78E /* Frameworks */,
				D92AE0321E557A7800F1E78E /* Resources */,
			);
			buildRules = (
			);
			dependencies = (
			);
			name = MyTime;
			productName = MyTime;
			productReference = D92AE0341E557A7900F1E78E /* MyTime.app */;
			productType = "com.apple.product-type.application";
		};
/* End PBXNativeTarget section */

/* Begin PBXProject section */
		D92AE02C1E557A7800F1E78E /* Project object */ = {
			isa = PBXProject;
			attributes = {
				LastSwiftUpdateCheck = 0820;
				LastUpgradeCheck = 0820;
				ORGANIZATIONNAME = MyTime;
				TargetAttributes = {
					D92AE0331E557A7800F1E78E = {
						CreatedOnToolsVersion = 8.2.1;
						ProvisioningStyle = Automatic;
					};
				};
			};
			buildConfigurationList = D92AE02F1E557A7800F1E78E /* Build configuration list for PBXProject "MyTime" */;
			compatibilityVersion = "Xcode 3.2";
			developmentRegion = English;
			hasScannedForEncodings = 0;
			knownRegions = (
				en,
				Base,
			);
			mainGroup = D92AE02B1E557A7800F1E78E;
			productRefGroup = D92AE0351E557A7900F1E78E /* Products */;
			projectDirPath = "";
			projectRoot = "";
			targets = (
				D92AE0331E557A7800F1E78E /* MyTime */,
			);
		};
/* End PBXProject section */

/* Begin PBXResourcesBuildPhase section */
		D92AE0321E557A7800F1E78E /* Resources */ = {
			isa = PBXResourcesBuildPhase;
			buildActionMask = 2147483647;
			files = (
				D92AE0421E557A7A00F1E78E /* LaunchScreen.storyboard in Resources */,
				D92AE03F1E557A7A00F1E78E /* Assets.xcassets in Resources */,
				D92AE03D1E557A7A00F1E78E /* Main.storyboard in Resources */,
			);
			runOnlyForDeploymentPostprocessing = 0;
		};
/* End PBXResourcesBuildPhase section */

/* Begin PBXSourcesBuildPhase section */
		D92AE0301E557A7800F1E78E /* Sources */ = {
			isa = PBXSourcesBuildPhase;
			buildActionMask = 2147483647;
			files = (
				D92AE03A1E557A7A00F1E78E /* ViewController.swift in Sources */,
				D92AE0381E557A7A00F1E78E /* AppDelegate.swift in Sources */,
			);
			runOnlyForDeploymentPostprocessing = 0;
		};
/* End PBXSourcesBuildPhase section */

/* Begin PBXVariantGroup section */
		D92AE03B1E557A7A00F1E78E /* Main.storyboard */ = {
			isa = PBXVariantGroup;
			children = (
				D92AE03C1E557A7A00F1E78E /* Base */,
			);
			name = Main.storyboard;
			sourceTree = "<group>";
		};
		D92AE0401E557A7A00F1E78E /* LaunchScreen.storyboard */ = {
			isa = PBXVariantGroup;
			children = (
				D92AE0411E557A7A00F1E78E /* Base */,
			);
			name = LaunchScreen.storyboard;
			sourceTree = "<group>";
		};
/* End PBXVariantGroup section */

/* Begin XCBuildConfiguration section */
		D92AE0441E557A7A00F1E78E /* Debug */ = {
			isa = XCBuildConfiguration;
			buildSettings = {
				ALWAYS_SEARCH_USER_PATHS = NO;
				CLANG_ANALYZER_NONNULL = YES;
				CLANG_CXX_LANGUAGE_STANDARD = "gnu++0x";
				CLANG_CXX_LIBRARY = "libc++";
				CLANG_ENABLE_MODULES = YES;
				CLANG_ENABLE_OBJC_ARC = YES;
				CLANG_WARN_BOOL_CONVERSION = YES;
				CLANG_WARN_CONSTANT_CONVERSION = YES;
				CLANG_WARN_DIRECT_OBJC_ISA_USAGE = YES_ERROR;
				CLANG_WARN_DOCUMENTATION_COMMENTS = YES;
				CLANG_WARN_EMPTY_BODY = YES;
				CLANG_WARN_ENUM_CONVERSION = YES;
				CLANG_WARN_INFINITE_RECURSION = YES;
				CLANG_WARN_INT_CONVERSION = YES;
				CLANG_WARN_OBJC_ROOT_CLASS = YES_ERROR;
				CLANG_WARN_SUSPICIOUS_MOVE = YES;
				CLANG_WARN_UNREACHABLE_CODE = YES;
				CLANG_WARN__DUPLICATE_METHOD_MATCH = YES;
				"CODE_SIGN_IDENTITY[sdk=iphoneos*]" = "iPhone Developer";
				COPY_PHASE_STRIP = NO;
				DEBUG_INFORMATION_FORMAT = dwarf;
				ENABLE_STRICT_OBJC_MSGSEND = YES;
				ENABLE_TESTABILITY = YES;
				GCC_C_LANGUAGE_STANDARD = gnu99;
				GCC_DYNAMIC_NO_PIC = NO;
				GCC_NO_COMMON_BLOCKS = YES;
				GCC_OPTIMIZATION_LEVEL = 0;
				GCC_PREPROCESSOR_DEFINITIONS = (
					"DEBUG=1",
					"$(inherited)",
				);
				GCC_WARN_64_TO_32_BIT_CONVERSION = YES;
				GCC_WARN_ABOUT_RETURN_TYPE = YES_ERROR;
				GCC_WARN_UNDECLARED_SELECTOR = YES;
				GCC_WARN_UNINITIALIZED_AUTOS = YES_AGGRESSIVE;
				GCC_WARN_UNUSED_FUNCTION = YES;
				GCC_WARN_UNUSED_VARIABLE = YES;
				IPHONEOS_DEPLOYMENT_TARGET = 10.2;
				MTL_ENABLE_DEBUG_INFO = YES;
				ONLY_ACTIVE_ARCH = YES;
				SDKROOT = iphoneos;
				SWIFT_ACTIVE_COMPILATION_CONDITIONS = DEBUG;
				SWIFT_OPTIMIZATION_LEVEL = "-Onone";
				TARGETED_DEVICE_FAMILY = "1,2";
			};
			name = Debug;
		};
		D92AE0451E557A7A00F1E78E /* Release */ = {
			isa = XCBuildConfiguration;
			buildSettings = {
				ALWAYS_SEARCH_USER_PATHS = NO;
				CLANG_ANALYZER_NONNULL = YES;
				CLANG_CXX_LANGUAGE_STANDARD = "gnu++0x";
				CLANG_CXX_LIBRARY = "libc++";
				CLANG_ENABLE_MODULES = YES;
				CLANG_ENABLE_OBJC_ARC = YES;
				CLANG_WARN_BOOL_CONVERSION = YES;
				CLANG_WARN_CONSTANT_CONVERSION = YES;
				CLANG_WARN_DIRECT_OBJC_ISA_USAGE = YES_ERROR;
				CLANG_WARN_DOCUMENTATION_COMMENTS = YES;
				CLANG_WARN_EMPTY_BODY = YES;
				CLANG_WARN_ENUM_CONVERSION = YES;
				CLANG_WARN_INFINITE_RECURSION = YES;
				CLANG_WARN_INT_CONVERSION = YES;
				CLANG_WARN_OBJC_ROOT_CLASS = YES_ERROR;
				CLANG_WARN_SUSPICIOUS_MOVE = YES;
				CLANG_WARN_UNREACHABLE_CODE = YES;
				CLANG_WARN__DUPLICATE_METHOD_MATCH = YES;
				"CODE_SIGN_IDENTITY[sdk=iphoneos*]" = "iPhone Developer";
				COPY_PHASE_STRIP = NO;
				DEBUG_INFORMATION_FORMAT = "dwarf-with-dsym";
				ENABLE_NS_ASSERTIONS = NO;
				ENABLE_STRICT_OBJC_MSGSEND = YES;
				GCC_C_LANGUAGE_STANDARD = gnu99;
				GCC_NO_COMMON_BLOCKS = YES;
				GCC_WARN_64_TO_32_BIT_CONVERSION = YES;
				GCC_WARN_ABOUT_RETURN_TYPE = YES_ERROR;
				GCC_WARN_UNDECLARED_SELECTOR = YES;
				GCC_WARN_UNINITIALIZED_AUTOS = YES_AGGRESSIVE;
				GCC_WARN_UNUSED_FUNCTION = YES;
				GCC_WARN_UNUSED_VARIABLE = YES;
				IPHONEOS_DEPLOYMENT_TARGET = 10.2;
				MTL_ENABLE_DEBUG_INFO = NO;
				SDKROOT = iphoneos;
				SWIFT_OPTIMIZATION_LEVEL = "-Owholemodule";
				TARGETED_DEVICE_FAMILY = "1,2";
				VALIDATE_PRODUCT = YES;
			};
			name = Release;
		};
		D92AE0471E557A7A00F1E78E /* Debug */ = {
			isa = XCBuildConfiguration;
			buildSettings = {
				ASSETCATALOG_COMPILER_APPICON_NAME = AppIcon;
				INFOPLIST_FILE = MyTime/Info.plist;
				LD_RUNPATH_SEARCH_PATHS = "$(inherited) @executable_path/Frameworks";
				PRODUCT_BUNDLE_IDENTIFIER = MyTime.MyTime;
				PRODUCT_NAME = "$(TARGET_NAME)";
				SWIFT_VERSION = 3.0;
			};
			name = Debug;
		};
		D92AE0481E557A7A00F1E78E /* Release */ = {
			isa = XCBuildConfiguration;
			buildSettings = {
				ASSETCATALOG_COMPILER_APPICON_NAME = AppIcon;
				INFOPLIST_FILE = MyTime/Info.plist;
				LD_RUNPATH_SEARCH_PATHS = "$(inherited) @executable_path/Frameworks";
				PRODUCT_BUNDLE_IDENTIFIER = MyTime.MyTime;
				PRODUCT_NAME = "$(TARGET_NAME)";
				SWIFT_VERSION = 3.0;
			};
			name = Release;
		};
/* End XCBuildConfiguration section */

/* Begin XCConfigurationList section */
		D92AE02F1E557A7800F1E78E /* Build configuration list for PBXProject "MyTime" */ = {
			isa = XCConfigurationList;
			buildConfigurations = (
				D92AE0441E557A7A00F1E78E /* Debug */,
				D92AE0451E557A7A00F1E78E /* Release */,
			);
			defaultConfigurationIsVisible = 0;
			defaultConfigurationName = Release;
		};
		D92AE0461E557A7A00F1E78E /* Build configuration list for PBXNativeTarget "MyTime" */ = {
			isa = XCConfigurationList;
			buildConfigurations = (
				D92AE0471E557A7A00F1E78E /* Debug */,
				D92AE0481E557A7A00F1E78E /* Release */,
			);
			defaultConfigurationIsVisible = 0;
		};
/* End XCConfigurationList section */
	};
	rootObject = D92AE02C1E557A7800F1E78E /* Project object */;
}
